
Microsoft Visual Studio Solution File, Format Version 12.00
# Visual Studio Version 17
VisualStudioVersion = 17.13.35806.99 d17.13
MinimumVisualStudioVersion = 10.0.40219.1
Project("{FAE04EC0-301F-11D3-BF4B-00C04F79EFBC}") = "MonitorCrypto", "MonitorCrypto\MonitorCrypto.csproj", "{D336CAEF-E70F-484B-B7BB-D2B58A9643DB}"
EndProject
Global
	GlobalSection(SolutionConfigurationPlatforms) = preSolution
		Debug|Any CPU = Debug|Any CPU
		Release|Any CPU = Release|Any CPU
	EndGlobalSection
	GlobalSection(ProjectConfigurationPlatforms) = postSolution
		{D336CAEF-E70F-484B-B7BB-D2B58A9643DB}.Debug|Any CPU.ActiveCfg = Debug|Any CPU
		{D336CAEF-E70F-484B-B7BB-D2B58A9643DB}.Debug|Any CPU.Build.0 = Debug|Any CPU
		{D336CAEF-E70F-484B-B7BB-D2B58A9643DB}.Release|Any CPU.ActiveCfg = Release|Any CPU
		{D336CAEF-E70F-484B-B7BB-D2B58A9643DB}.Release|Any CPU.Build.0 = Release|Any CPU
	EndGlobalSection
	GlobalSection(SolutionProperties) = preSolution
		HideSolutionNode = FALSE
	EndGlobalSection
	GlobalSection(ExtensibilityGlobals) = postSolution
		SolutionGuid = {4299AEB2-8D08-4796-8BB9-8B8C903DA069}
	EndGlobalSection
EndGlobal
